<?xml version="1.0" encoding="utf-8"?>
<Project ToolsVersion="4.0" xmlns="http://schemas.microsoft.com/developer/msbuild/2003">
  <ItemGroup>
    <Text Include="ReadMe.txt" />
  </ItemGroup>
  <ItemGroup>
    <Filter Include="GameSimulation">
      <UniqueIdentifier>{ccde9806-a584-426c-9056-e12e127793a8}</UniqueIdentifier>
    </Filter>
    <Filter Include="Player">
      <UniqueIdentifier>{0dad55ec-0ee6-4790-ac7b-7d311d875f45}</UniqueIdentifier>
    </Filter>
    <Filter Include="Entities">
      <UniqueIdentifier>{56a67337-293f-462f-95cb-bf94c42184ce}</UniqueIdentifier>
    </Filter>
    <Filter Include="Entities\Base">
      <UniqueIdentifier>{4a83cd48-530b-4f98-9d7d-38f821a72fb6}</UniqueIdentifier>
    </Filter>
    <Filter Include="Helpers">
      <UniqueIdentifier>{3970f975-14eb-4c10-b253-099aaabb304b}</UniqueIdentifier>
    </Filter>
    <Filter Include="GameSimulation\PlayerController">
      <UniqueIdentifier>{6a7fdf4b-6eef-44db-8b22-18212cfd1d14}</UniqueIdentifier>
    </Filter>
    <Filter Include="GameSimulation\EntityController">
      <UniqueIdentifier>{61d985bc-bf1d-43ab-8496-604f550d6b3b}</UniqueIdentifier>
    </Filter>
    <Filter Include="Entities\Mixins">
      <UniqueIdentifier>{c95241a2-c2b3-4e70-ae45-b0c00edc0b9a}</UniqueIdentifier>
    </Filter>
    <Filter Include="Entities\Mixins\Mixin_base">
      <UniqueIdentifier>{1274b481-94bf-4ae9-8b08-c8f546238c05}</UniqueIdentifier>
    </Filter>
    <Filter Include="Entities\Mixins\Mixin_Movable">
      <UniqueIdentifier>{e8fd1f94-c81c-4db7-a6ee-7a89fea043ae}</UniqueIdentifier>
    </Filter>
    <Filter Include="Entities\Mixins\Mixin_Health">
      <UniqueIdentifier>{9c97503f-dc33-40e9-8234-6f34337a0882}</UniqueIdentifier>
    </Filter>
    <Filter Include="Entities\Mixins\Controller">
      <UniqueIdentifier>{15df439c-ae60-49ec-9e4b-70d0db02c373}</UniqueIdentifier>
    </Filter>
    <Filter Include="Entities\EntityGenerator">
      <UniqueIdentifier>{73091bba-e85a-4b25-88d1-06cd2d74cb8f}</UniqueIdentifier>
    </Filter>
    <Filter Include="GameSimulation\GS_Client">
      <UniqueIdentifier>{af26f131-d13b-44ea-b19e-1be7938958f9}</UniqueIdentifier>
    </Filter>
    <Filter Include="GameSimulation\GS_Server">
      <UniqueIdentifier>{e922a798-589d-4b44-86d7-78fc429719c5}</UniqueIdentifier>
    </Filter>
    <Filter Include="GameSimulation\UpdateStructures">
      <UniqueIdentifier>{55c3d5d2-510d-4990-bdc3-165ef9221908}</UniqueIdentifier>
    </Filter>
    <Filter Include="Events">
      <UniqueIdentifier>{f0debbd5-f40e-4f68-8307-d9efc3f5ef68}</UniqueIdentifier>
    </Filter>
    <Filter Include="Events\EventBase">
      <UniqueIdentifier>{7c050646-be78-4017-b058-8930a336a90f}</UniqueIdentifier>
    </Filter>
    <Filter Include="Events\KeyboardEvents">
      <UniqueIdentifier>{0f1dc085-7670-4a0d-9337-3640cc3606da}</UniqueIdentifier>
    </Filter>
    <Filter Include="Events\NumerableEvents">
      <UniqueIdentifier>{0e49bca4-0f07-44c7-bc3b-67a474b3d1d5}</UniqueIdentifier>
    </Filter>
    <Filter Include="GameSimulation\GameHistory">
      <UniqueIdentifier>{5d5838f2-372f-48a4-b22e-f44017421265}</UniqueIdentifier>
    </Filter>
    <Filter Include="GameSimulation\GameTime">
      <UniqueIdentifier>{612e9852-2cca-4181-a411-f0550470f79f}</UniqueIdentifier>
    </Filter>
    <Filter Include="Landscape">
      <UniqueIdentifier>{1390c0f1-f722-4ca9-a84b-17331a2ec2cf}</UniqueIdentifier>
    </Filter>
    <Filter Include="Landscape\Chunk">
      <UniqueIdentifier>{261702eb-0bf9-406d-8ffc-402ce0a4adec}</UniqueIdentifier>
    </Filter>
    <Filter Include="Physics">
      <UniqueIdentifier>{f649fcf7-ef1b-4fd0-9db4-bf0d6103f487}</UniqueIdentifier>
    </Filter>
    <Filter Include="Landscape\MeshGenerator">
      <UniqueIdentifier>{5a949bac-fad1-4c94-b686-e550bd7e99a0}</UniqueIdentifier>
    </Filter>
    <Filter Include="Landscape\ChunkController">
      <UniqueIdentifier>{f3c3ace1-6e9e-460d-bef9-cf8b5be815a4}</UniqueIdentifier>
    </Filter>
  </ItemGroup>
  <ItemGroup>
    <ClInclude Include="GameSimulation.h">
      <Filter>GameSimulation</Filter>
    </ClInclude>
    <ClInclude Include="EntitiesBase.h">
      <Filter>Entities\Base</Filter>
    </ClInclude>
    <ClInclude Include="Helper_UniqueInstanceGuarantee.h">
      <Filter>Helpers</Filter>
    </ClInclude>
    <ClInclude Include="Words.txt" />
    <ClInclude Include="GS_PlayerController.h">
      <Filter>GameSimulation\PlayerController</Filter>
    </ClInclude>
    <ClInclude Include="GS_EntityController.h">
      <Filter>GameSimulation\EntityController</Filter>
    </ClInclude>
    <ClInclude Include="TestPlace.h" />
    <ClInclude Include="Mixin_Base.h">
      <Filter>Entities\Mixins\Mixin_base</Filter>
    </ClInclude>
    <ClInclude Include="Helper_TupleForeach.h">
      <Filter>Helpers</Filter>
    </ClInclude>
    <ClInclude Include="Mixin_Movable.h">
      <Filter>Entities\Mixins\Mixin_Movable</Filter>
    </ClInclude>
    <ClInclude Include="Mixin_Health.h">
      <Filter>Entities\Mixins\Mixin_Health</Filter>
    </ClInclude>
    <ClInclude Include="Mixin_Controller.h">
      <Filter>Entities\Mixins\Controller</Filter>
    </ClInclude>
    <ClInclude Include="EntityGenerator.h">
      <Filter>Entities\EntityGenerator</Filter>
    </ClInclude>
    <ClInclude Include="GS_Client.h">
      <Filter>GameSimulation\GS_Client</Filter>
    </ClInclude>
    <ClInclude Include="GS_Server.h">
      <Filter>GameSimulation\GS_Server</Filter>
    </ClInclude>
    <ClInclude Include="UpdateStructures.h">
      <Filter>GameSimulation\UpdateStructures</Filter>
    </ClInclude>
    <ClInclude Include="EventBase.h">
      <Filter>Events\EventBase</Filter>
    </ClInclude>
    <ClInclude Include="KeyboardEvents.h">
      <Filter>Events\KeyboardEvents</Filter>
    </ClInclude>
    <ClInclude Include="EventSerializator.h">
      <Filter>Events\EventBase</Filter>
    </ClInclude>
    <ClInclude Include="NumerableEvents.h">
      <Filter>Events\NumerableEvents</Filter>
    </ClInclude>
    <ClInclude Include="NumerableEvents.def">
      <Filter>Events\NumerableEvents</Filter>
    </ClInclude>
    <ClInclude Include="EntityIDType.h">
      <Filter>Entities\Base</Filter>
    </ClInclude>
    <ClInclude Include="GameHistory.h">
      <Filter>GameSimulation\GameHistory</Filter>
    </ClInclude>
    <ClInclude Include="GameTime.h">
      <Filter>GameSimulation\GameTime</Filter>
    </ClInclude>
    <ClInclude Include="LandscapeChunk.h">
      <Filter>Landscape\Chunk</Filter>
    </ClInclude>
    <ClInclude Include="LandscapeChunkPack.h">
      <Filter>Landscape\Chunk</Filter>
    </ClInclude>
    <ClInclude Include="GamePhysics.h">
      <Filter>Physics</Filter>
    </ClInclude>
    <ClInclude Include="LandscapeMeshGenerator.h">
      <Filter>Landscape\MeshGenerator</Filter>
    </ClInclude>
    <ClInclude Include="LandscapeChunkController.h">
      <Filter>Landscape\ChunkController</Filter>
    </ClInclude>
  </ItemGroup>
  <ItemGroup>
    <ClCompile Include="GS_PlayerController.cpp">
      <Filter>GameSimulation\PlayerController</Filter>
    </ClCompile>
    <ClCompile Include="GS_EntityController.cpp">
      <Filter>GameSimulation\EntityController</Filter>
    </ClCompile>
    <ClCompile Include="Mixin_Controller.cpp">
      <Filter>Entities\Mixins\Controller</Filter>
    </ClCompile>
    <ClCompile Include="GameSimulation.cpp">
      <Filter>GameSimulation</Filter>
    </ClCompile>
    <ClCompile Include="EntityGenerator.cpp">
      <Filter>Entities\EntityGenerator</Filter>
    </ClCompile>
    <ClCompile Include="GS_Client.cpp">
      <Filter>GameSimulation\GS_Client</Filter>
    </ClCompile>
    <ClCompile Include="GS_Server.cpp">
      <Filter>GameSimulation\GS_Server</Filter>
    </ClCompile>
    <ClCompile Include="Mixin_Health.cpp">
      <Filter>Entities\Mixins\Mixin_Health</Filter>
    </ClCompile>
    <ClCompile Include="Mixin_Movable.cpp">
      <Filter>Entities\Mixins\Mixin_Movable</Filter>
    </ClCompile>
    <ClCompile Include="GameHistory.cpp">
      <Filter>GameSimulation\GameHistory</Filter>
    </ClCompile>
    <ClCompile Include="Mixin_Base.cpp">
      <Filter>Entities\Mixins\Mixin_base</Filter>
    </ClCompile>
    <ClCompile Include="LandscapeChunkPack.cpp">
      <Filter>Landscape\Chunk</Filter>
    </ClCompile>
    <ClCompile Include="GamePhysics.cpp">
      <Filter>Physics</Filter>
    </ClCompile>
    <ClCompile Include="LandscapeMeshGenerator.cpp">
      <Filter>Landscape\MeshGenerator</Filter>
    </ClCompile>
  </ItemGroup>
  <ItemGroup>
    <None Include="KeyboardEvents.def">
      <Filter>Events\KeyboardEvents</Filter>
    </None>
  </ItemGroup>
</Project>