<?xml version="1.0" encoding="utf-8"?>
<Project ToolsVersion="4.0" xmlns="http://schemas.microsoft.com/developer/msbuild/2003">
  <ItemGroup>
    <Text Include="ReadMe.txt" />
  </ItemGroup>
  <ItemGroup>
    <Filter Include="GameSimulation">
      <UniqueIdentifier>{ccde9806-a584-426c-9056-e12e127793a8}</UniqueIdentifier>
    </Filter>
    <Filter Include="Entities">
      <UniqueIdentifier>{56a67337-293f-462f-95cb-bf94c42184ce}</UniqueIdentifier>
    </Filter>
    <Filter Include="Entities\Base">
      <UniqueIdentifier>{4a83cd48-530b-4f98-9d7d-38f821a72fb6}</UniqueIdentifier>
    </Filter>
    <Filter Include="Helpers">
      <UniqueIdentifier>{3970f975-14eb-4c10-b253-099aaabb304b}</UniqueIdentifier>
    </Filter>
    <Filter Include="GameSimulation\PlayerController">
      <UniqueIdentifier>{6a7fdf4b-6eef-44db-8b22-18212cfd1d14}</UniqueIdentifier>
    </Filter>
    <Filter Include="GameSimulation\EntityController">
      <UniqueIdentifier>{61d985bc-bf1d-43ab-8496-604f550d6b3b}</UniqueIdentifier>
    </Filter>
    <Filter Include="Entities\Mixins">
      <UniqueIdentifier>{c95241a2-c2b3-4e70-ae45-b0c00edc0b9a}</UniqueIdentifier>
    </Filter>
    <Filter Include="Entities\Mixins\Mixin_base">
      <UniqueIdentifier>{1274b481-94bf-4ae9-8b08-c8f546238c05}</UniqueIdentifier>
    </Filter>
    <Filter Include="Entities\Mixins\Mixin_Movable">
      <UniqueIdentifier>{e8fd1f94-c81c-4db7-a6ee-7a89fea043ae}</UniqueIdentifier>
    </Filter>
    <Filter Include="Entities\Mixins\Mixin_Health">
      <UniqueIdentifier>{9c97503f-dc33-40e9-8234-6f34337a0882}</UniqueIdentifier>
    </Filter>
    <Filter Include="Entities\Mixins\Controller">
      <UniqueIdentifier>{15df439c-ae60-49ec-9e4b-70d0db02c373}</UniqueIdentifier>
    </Filter>
    <Filter Include="Entities\EntityGenerator">
      <UniqueIdentifier>{73091bba-e85a-4b25-88d1-06cd2d74cb8f}</UniqueIdentifier>
    </Filter>
    <Filter Include="GameSimulation\GS_Client">
      <UniqueIdentifier>{af26f131-d13b-44ea-b19e-1be7938958f9}</UniqueIdentifier>
    </Filter>
    <Filter Include="GameSimulation\GS_Server">
      <UniqueIdentifier>{e922a798-589d-4b44-86d7-78fc429719c5}</UniqueIdentifier>
    </Filter>
    <Filter Include="Events">
      <UniqueIdentifier>{f0debbd5-f40e-4f68-8307-d9efc3f5ef68}</UniqueIdentifier>
    </Filter>
    <Filter Include="Events\EventBase">
      <UniqueIdentifier>{7c050646-be78-4017-b058-8930a336a90f}</UniqueIdentifier>
    </Filter>
    <Filter Include="Events\KeyboardEvents">
      <UniqueIdentifier>{0f1dc085-7670-4a0d-9337-3640cc3606da}</UniqueIdentifier>
    </Filter>
    <Filter Include="GameSimulation\GameTime">
      <UniqueIdentifier>{612e9852-2cca-4181-a411-f0550470f79f}</UniqueIdentifier>
    </Filter>
    <Filter Include="Landscape">
      <UniqueIdentifier>{1390c0f1-f722-4ca9-a84b-17331a2ec2cf}</UniqueIdentifier>
    </Filter>
    <Filter Include="Landscape\Chunk">
      <UniqueIdentifier>{261702eb-0bf9-406d-8ffc-402ce0a4adec}</UniqueIdentifier>
    </Filter>
    <Filter Include="Physics">
      <UniqueIdentifier>{f649fcf7-ef1b-4fd0-9db4-bf0d6103f487}</UniqueIdentifier>
    </Filter>
    <Filter Include="Landscape\MeshGenerator">
      <UniqueIdentifier>{5a949bac-fad1-4c94-b686-e550bd7e99a0}</UniqueIdentifier>
    </Filter>
    <Filter Include="Landscape\ChunkController">
      <UniqueIdentifier>{f3c3ace1-6e9e-460d-bef9-cf8b5be815a4}</UniqueIdentifier>
    </Filter>
    <Filter Include="GameSimulation\NetworkCommands">
      <UniqueIdentifier>{24a2f1e1-f223-40cd-8717-68cc7ed89f6f}</UniqueIdentifier>
    </Filter>
    <Filter Include="GameSimulation\NetworkCommands\BaseProcessor">
      <UniqueIdentifier>{cfc472cf-2bfe-42bb-b37f-8a07ecd4f631}</UniqueIdentifier>
    </Filter>
    <Filter Include="GameSimulation\NetworkCommands\BaseCommand">
      <UniqueIdentifier>{8d9b7ba4-3d6c-4762-896d-a85d2196cb18}</UniqueIdentifier>
    </Filter>
    <Filter Include="GameSimulation\NetworkCommands\ServerCommandDispatcher">
      <UniqueIdentifier>{818c5b9c-8e15-4327-b0b0-423d1dbea0d1}</UniqueIdentifier>
    </Filter>
    <Filter Include="GameSimulation\NetworkCommands\History">
      <UniqueIdentifier>{3bb78c85-ac07-4ed2-8601-46f06f4fa570}</UniqueIdentifier>
    </Filter>
    <Filter Include="GameSimulation\NetworkCommands\SharedDataPackets">
      <UniqueIdentifier>{b7556a03-bcc7-486e-a2c8-44437fb8464c}</UniqueIdentifier>
    </Filter>
    <Filter Include="GameSimulation\NetworkCommands\ClientCommandDispatcher">
      <UniqueIdentifier>{5c904501-0f81-4a55-a4e3-41b8bb16fe16}</UniqueIdentifier>
    </Filter>
    <Filter Include="GameSimulation\NetworkCommands\Processors and Commands">
      <UniqueIdentifier>{d64ab255-108d-4020-bbf1-4a388e1f38d3}</UniqueIdentifier>
    </Filter>
    <Filter Include="GameSimulation\NetworkCommands\Processors and Commands\UpdateSystem">
      <UniqueIdentifier>{f6722405-3831-4632-932a-9255dec1f525}</UniqueIdentifier>
    </Filter>
    <Filter Include="GameSimulation\NetworkCommands\Processors and Commands\UpdateSystem\Client%27s version">
      <UniqueIdentifier>{144ace72-4180-4fa2-a19c-e1f245d06edc}</UniqueIdentifier>
    </Filter>
    <Filter Include="GameSimulation\NetworkCommands\Processors and Commands\UpdateSystem\Server%27s version">
      <UniqueIdentifier>{bdcb05f4-07e0-4551-ab2e-f4dce5bfef63}</UniqueIdentifier>
    </Filter>
    <Filter Include="Landscape\ChunkLoadDispatcher">
      <UniqueIdentifier>{1618334d-230e-46b0-bc3a-383149a6a74d}</UniqueIdentifier>
    </Filter>
    <Filter Include="Landscape\ChunkLoadDispatcher\ChunkLoader_Generator">
      <UniqueIdentifier>{4cdfc5df-592e-4bd1-95e2-56ae0b11a2c8}</UniqueIdentifier>
    </Filter>
    <Filter Include="Landscape\ChunkLoadDispatcher\ChunkLoader_Storage">
      <UniqueIdentifier>{c7c6b098-2bbe-415b-bef4-63c5db2b7327}</UniqueIdentifier>
    </Filter>
    <Filter Include="GameSimulation\NetworkCommands\Processors and Commands\LandscapeSystem">
      <UniqueIdentifier>{f5044459-c026-4843-9db8-7215b2b0b020}</UniqueIdentifier>
    </Filter>
    <Filter Include="GameSimulation\NetworkCommands\Processors and Commands\LandscapeSystem\Commands">
      <UniqueIdentifier>{987c52ec-a329-4052-af0d-07688f836ae7}</UniqueIdentifier>
    </Filter>
    <Filter Include="GameSimulation\NetworkCommands\Processors and Commands\LandscapeSystem\Client%27s processor">
      <UniqueIdentifier>{0ce2a1bf-525a-4f5e-93ba-2dedd653f212}</UniqueIdentifier>
    </Filter>
    <Filter Include="GameSimulation\NetworkCommands\Processors and Commands\LandscapeSystem\Server%27s processor">
      <UniqueIdentifier>{482dfc29-c5c9-49e3-9de9-2a89e3a34d29}</UniqueIdentifier>
    </Filter>
    <Filter Include="Landscape\ChunkLoadDispatcher\ChunkLoadClientDispatcher">
      <UniqueIdentifier>{dabbb3cc-fb5e-40bf-b6de-40756ff08321}</UniqueIdentifier>
    </Filter>
    <Filter Include="Landscape\ChunkLoadDispatcher\ChunkLoadServerDispatcher">
      <UniqueIdentifier>{63262ac6-ba37-4507-a536-cddc985576fa}</UniqueIdentifier>
    </Filter>
    <Filter Include="LogHelper">
      <UniqueIdentifier>{e75269f5-b2e3-483e-bf80-ece140cdf23b}</UniqueIdentifier>
    </Filter>
    <Filter Include="Entities\Mixins\Mixin_Movable\Mixin_Movable Singleton">
      <UniqueIdentifier>{d461f87e-c298-4dac-90d5-c69f2f4f6271}</UniqueIdentifier>
    </Filter>
    <Filter Include="Landscape\LandscapePhysics">
      <UniqueIdentifier>{747e3b21-4189-4eab-bb40-4c7bf6c07a70}</UniqueIdentifier>
    </Filter>
    <Filter Include="Landscape\ChunkLoadDispatcher\ChunkStorage">
      <UniqueIdentifier>{95d5a87a-bcd4-40b2-b66b-fe0d3b110d5a}</UniqueIdentifier>
    </Filter>
  </ItemGroup>
  <ItemGroup>
    <ClInclude Include="GameSimulation.h">
      <Filter>GameSimulation</Filter>
    </ClInclude>
    <ClInclude Include="EntitiesBase.h">
      <Filter>Entities\Base</Filter>
    </ClInclude>
    <ClInclude Include="Helper_UniqueInstanceGuarantee.h">
      <Filter>Helpers</Filter>
    </ClInclude>
    <ClInclude Include="Words.txt" />
    <ClInclude Include="GS_PlayerController.h">
      <Filter>GameSimulation\PlayerController</Filter>
    </ClInclude>
    <ClInclude Include="GS_EntityController.h">
      <Filter>GameSimulation\EntityController</Filter>
    </ClInclude>
    <ClInclude Include="TestPlace.h" />
    <ClInclude Include="Mixin_Base.h">
      <Filter>Entities\Mixins\Mixin_base</Filter>
    </ClInclude>
    <ClInclude Include="Helper_TupleForeach.h">
      <Filter>Helpers</Filter>
    </ClInclude>
    <ClInclude Include="Mixin_Movable.h">
      <Filter>Entities\Mixins\Mixin_Movable</Filter>
    </ClInclude>
    <ClInclude Include="Mixin_Health.h">
      <Filter>Entities\Mixins\Mixin_Health</Filter>
    </ClInclude>
    <ClInclude Include="Mixin_Controller.h">
      <Filter>Entities\Mixins\Controller</Filter>
    </ClInclude>
    <ClInclude Include="EntityGenerator.h">
      <Filter>Entities\EntityGenerator</Filter>
    </ClInclude>
    <ClInclude Include="GS_Client.h">
      <Filter>GameSimulation\GS_Client</Filter>
    </ClInclude>
    <ClInclude Include="GS_Server.h">
      <Filter>GameSimulation\GS_Server</Filter>
    </ClInclude>
    <ClInclude Include="EventBase.h">
      <Filter>Events\EventBase</Filter>
    </ClInclude>
    <ClInclude Include="KeyboardEvents.h">
      <Filter>Events\KeyboardEvents</Filter>
    </ClInclude>
    <ClInclude Include="EventSerializator.h">
      <Filter>Events\EventBase</Filter>
    </ClInclude>
    <ClInclude Include="EntityIDType.h">
      <Filter>Entities\Base</Filter>
    </ClInclude>
    <ClInclude Include="GameTime.h">
      <Filter>GameSimulation\GameTime</Filter>
    </ClInclude>
    <ClInclude Include="LandscapeChunk.h">
      <Filter>Landscape\Chunk</Filter>
    </ClInclude>
    <ClInclude Include="LandscapeChunkPack.h">
      <Filter>Landscape\Chunk</Filter>
    </ClInclude>
    <ClInclude Include="GamePhysics.h">
      <Filter>Physics</Filter>
    </ClInclude>
    <ClInclude Include="LandscapeMeshGenerator.h">
      <Filter>Landscape\MeshGenerator</Filter>
    </ClInclude>
    <ClInclude Include="LandscapeChunkController.h">
      <Filter>Landscape\ChunkController</Filter>
    </ClInclude>
    <ClInclude Include="LandscapeChunkProvider.h">
      <Filter>Landscape</Filter>
    </ClInclude>
    <ClInclude Include="Helper_VariableSizeSerialization.h">
      <Filter>Helpers</Filter>
    </ClInclude>
    <ClInclude Include="NetworkCommandsProcessor.h">
      <Filter>GameSimulation\NetworkCommands\BaseProcessor</Filter>
    </ClInclude>
    <ClInclude Include="NetworkCommandBase.h">
      <Filter>GameSimulation\NetworkCommands\BaseCommand</Filter>
    </ClInclude>
    <ClInclude Include="ServerCommandDispatcher.h">
      <Filter>GameSimulation\NetworkCommands\ServerCommandDispatcher</Filter>
    </ClInclude>
    <ClInclude Include="CommandHistoryInterface.h">
      <Filter>GameSimulation\NetworkCommands\History</Filter>
    </ClInclude>
    <ClInclude Include="SharedDataPackets.h">
      <Filter>GameSimulation\NetworkCommands\SharedDataPackets</Filter>
    </ClInclude>
    <ClInclude Include="ClientCommandDispatcher.h">
      <Filter>GameSimulation\NetworkCommands\ClientCommandDispatcher</Filter>
    </ClInclude>
    <ClInclude Include="UpdateSystem_Processor.h">
      <Filter>GameSimulation\NetworkCommands\Processors and Commands\UpdateSystem\Server%27s version</Filter>
    </ClInclude>
    <ClInclude Include="UpdateSystemClientProcessor.h">
      <Filter>GameSimulation\NetworkCommands\Processors and Commands\UpdateSystem\Client%27s version</Filter>
    </ClInclude>
    <ClInclude Include="UpdateSystem_Command.h">
      <Filter>GameSimulation\NetworkCommands\Processors and Commands\UpdateSystem</Filter>
    </ClInclude>
    <ClInclude Include="ChunkLoader_Generator.h">
      <Filter>Landscape\ChunkLoadDispatcher\ChunkLoader_Generator</Filter>
    </ClInclude>
    <ClInclude Include="ChunkLoader_Storage.h">
      <Filter>Landscape\ChunkLoadDispatcher\ChunkLoader_Storage</Filter>
    </ClInclude>
    <ClInclude Include="LandscapeSystem_ClientProcessor.h">
      <Filter>GameSimulation\NetworkCommands\Processors and Commands\LandscapeSystem\Client%27s processor</Filter>
    </ClInclude>
    <ClInclude Include="LandscapeSystem_Command.h">
      <Filter>GameSimulation\NetworkCommands\Processors and Commands\LandscapeSystem\Commands</Filter>
    </ClInclude>
    <ClInclude Include="ChunkLoadClientDispatcher.h">
      <Filter>Landscape\ChunkLoadDispatcher\ChunkLoadClientDispatcher</Filter>
    </ClInclude>
    <ClInclude Include="LandscapeSystem_ServerProcessor.h">
      <Filter>GameSimulation\NetworkCommands\Processors and Commands\LandscapeSystem\Server%27s processor</Filter>
    </ClInclude>
    <ClInclude Include="ChunkLoadServerDispatcher.h">
      <Filter>Landscape\ChunkLoadDispatcher\ChunkLoadServerDispatcher</Filter>
    </ClInclude>
    <ClInclude Include="LogHelper.h">
      <Filter>LogHelper</Filter>
    </ClInclude>
    <ClInclude Include="Player_id_type.h">
      <Filter>GameSimulation\PlayerController</Filter>
    </ClInclude>
    <ClInclude Include="Mixin_Movable Singleton.h">
      <Filter>Entities\Mixins\Mixin_Movable\Mixin_Movable Singleton</Filter>
    </ClInclude>
    <ClInclude Include="LandscapePhysics.h">
      <Filter>Landscape\LandscapePhysics</Filter>
    </ClInclude>
    <ClInclude Include="LandscapeChunkStorage.h">
      <Filter>Landscape\ChunkLoadDispatcher\ChunkStorage</Filter>
    </ClInclude>
    <ClInclude Include="LandscapeChunkStorageListener.h">
      <Filter>Landscape\ChunkLoadDispatcher\ChunkStorage</Filter>
    </ClInclude>
  </ItemGroup>
  <ItemGroup>
    <ClCompile Include="GS_PlayerController.cpp">
      <Filter>GameSimulation\PlayerController</Filter>
    </ClCompile>
    <ClCompile Include="GS_EntityController.cpp">
      <Filter>GameSimulation\EntityController</Filter>
    </ClCompile>
    <ClCompile Include="Mixin_Controller.cpp">
      <Filter>Entities\Mixins\Controller</Filter>
    </ClCompile>
    <ClCompile Include="GameSimulation.cpp">
      <Filter>GameSimulation</Filter>
    </ClCompile>
    <ClCompile Include="EntityGenerator.cpp">
      <Filter>Entities\EntityGenerator</Filter>
    </ClCompile>
    <ClCompile Include="GS_Client.cpp">
      <Filter>GameSimulation\GS_Client</Filter>
    </ClCompile>
    <ClCompile Include="GS_Server.cpp">
      <Filter>GameSimulation\GS_Server</Filter>
    </ClCompile>
    <ClCompile Include="Mixin_Health.cpp">
      <Filter>Entities\Mixins\Mixin_Health</Filter>
    </ClCompile>
    <ClCompile Include="Mixin_Movable.cpp">
      <Filter>Entities\Mixins\Mixin_Movable</Filter>
    </ClCompile>
    <ClCompile Include="Mixin_Base.cpp">
      <Filter>Entities\Mixins\Mixin_base</Filter>
    </ClCompile>
    <ClCompile Include="LandscapeChunkPack.cpp">
      <Filter>Landscape\Chunk</Filter>
    </ClCompile>
    <ClCompile Include="GamePhysics.cpp">
      <Filter>Physics</Filter>
    </ClCompile>
    <ClCompile Include="LandscapeMeshGenerator.cpp">
      <Filter>Landscape\MeshGenerator</Filter>
    </ClCompile>
    <ClCompile Include="LandscapeChunkController.cpp">
      <Filter>Landscape\ChunkController</Filter>
    </ClCompile>
    <ClCompile Include="ServerCommandDispatcher.cpp">
      <Filter>GameSimulation\NetworkCommands\ServerCommandDispatcher</Filter>
    </ClCompile>
    <ClCompile Include="ClientCommandDispatcher.cpp">
      <Filter>GameSimulation\NetworkCommands\ClientCommandDispatcher</Filter>
    </ClCompile>
    <ClCompile Include="UpdateSystem_Processor.cpp">
      <Filter>GameSimulation\NetworkCommands\Processors and Commands\UpdateSystem\Server%27s version</Filter>
    </ClCompile>
    <ClCompile Include="UpdateSystemClientProcessor.cpp">
      <Filter>GameSimulation\NetworkCommands\Processors and Commands\UpdateSystem\Client%27s version</Filter>
    </ClCompile>
    <ClCompile Include="ChunkLoader_Generator.cpp">
      <Filter>Landscape\ChunkLoadDispatcher\ChunkLoader_Generator</Filter>
    </ClCompile>
    <ClCompile Include="ChunkLoader_Storage.cpp">
      <Filter>Landscape\ChunkLoadDispatcher\ChunkLoader_Storage</Filter>
    </ClCompile>
    <ClCompile Include="LandscapeSystem_ClientProcessor.cpp">
      <Filter>GameSimulation\NetworkCommands\Processors and Commands\LandscapeSystem\Client%27s processor</Filter>
    </ClCompile>
    <ClCompile Include="ChunkLoadClientDispatcher.cpp">
      <Filter>Landscape\ChunkLoadDispatcher\ChunkLoadClientDispatcher</Filter>
    </ClCompile>
    <ClCompile Include="LandscapeSystem_ServerProcessor.cpp">
      <Filter>GameSimulation\NetworkCommands\Processors and Commands\LandscapeSystem\Server%27s processor</Filter>
    </ClCompile>
    <ClCompile Include="ChunkLoadServerDispatcher.cpp">
      <Filter>Landscape\ChunkLoadDispatcher\ChunkLoadServerDispatcher</Filter>
    </ClCompile>
    <ClCompile Include="LogHelper.cpp">
      <Filter>LogHelper</Filter>
    </ClCompile>
    <ClCompile Include="SharedDataPackets.cpp">
      <Filter>GameSimulation\NetworkCommands\SharedDataPackets</Filter>
    </ClCompile>
  </ItemGroup>
  <ItemGroup>
    <None Include="KeyboardEvents.def">
      <Filter>Events\KeyboardEvents</Filter>
    </None>
  </ItemGroup>
</Project>