<?xml version="1.0" encoding="utf-8"?>
<Project ToolsVersion="4.0" xmlns="http://schemas.microsoft.com/developer/msbuild/2003">
  <ItemGroup>
    <Filter Include="Main">
      <UniqueIdentifier>{5161b6c7-2c2d-4ca0-8ead-e5186aa3b2fa}</UniqueIdentifier>
    </Filter>
    <Filter Include="PrecompiledHeader">
      <UniqueIdentifier>{ba7e6bd6-9b0c-47d2-bef3-f025b43cc626}</UniqueIdentifier>
    </Filter>
    <Filter Include="EngineController">
      <UniqueIdentifier>{b276e375-2382-4c38-9c0b-d265be40ea6f}</UniqueIdentifier>
    </Filter>
    <Filter Include="SDL2_Service">
      <UniqueIdentifier>{20d9f027-05d8-4612-918e-6eefdf8dc135}</UniqueIdentifier>
    </Filter>
    <Filter Include="Ogre">
      <UniqueIdentifier>{33b4f1ff-5959-4f36-879d-4fbd5bc21181}</UniqueIdentifier>
    </Filter>
    <Filter Include="Ogre\OgreLogRedirector">
      <UniqueIdentifier>{40e86b3f-844d-41c9-aa4f-927895442e65}</UniqueIdentifier>
    </Filter>
    <Filter Include="Ogre\Ogre_Service">
      <UniqueIdentifier>{ee39a5da-852b-41e8-a28c-920f88987c76}</UniqueIdentifier>
    </Filter>
    <Filter Include="CEGUI_Service">
      <UniqueIdentifier>{fb9a5a95-2548-4d75-9dfe-364aea282c18}</UniqueIdentifier>
    </Filter>
    <Filter Include="CEGUI_Layout">
      <UniqueIdentifier>{fc44955e-e307-4bda-918d-3498d3a17591}</UniqueIdentifier>
    </Filter>
    <Filter Include="CEGUI_Layout\FPS">
      <UniqueIdentifier>{d696c2f8-52ce-448c-9d27-6b32293e2e38}</UniqueIdentifier>
    </Filter>
    <Filter Include="CEGUI_Layout\MarchingCubesNodeController">
      <UniqueIdentifier>{ff61bcaa-6410-447f-aa9b-2b834e02accf}</UniqueIdentifier>
    </Filter>
    <Filter Include="MapSystemV2">
      <UniqueIdentifier>{388b16f3-a950-41d1-b0e3-ec5bd63f5627}</UniqueIdentifier>
    </Filter>
    <Filter Include="MapSystemV2\ChunkLoader">
      <UniqueIdentifier>{29251546-88cf-4d88-8f17-6880241ac6c6}</UniqueIdentifier>
    </Filter>
    <Filter Include="MapSystemV2\NodeChunk">
      <UniqueIdentifier>{429a4299-9faa-4c8a-8398-f83a65d3163a}</UniqueIdentifier>
    </Filter>
    <Filter Include="MapSystemV2\NodesToMC">
      <UniqueIdentifier>{0b797901-2030-45fb-8b27-49e6087bd447}</UniqueIdentifier>
    </Filter>
    <Filter Include="MapSystemV2\NodesToMCGenerator">
      <UniqueIdentifier>{e06ec7d8-715b-4284-9ebb-27198c64614f}</UniqueIdentifier>
    </Filter>
    <Filter Include="MapSystemV2\MCToMesh">
      <UniqueIdentifier>{27afc7d9-1529-4c2a-875c-411cdd371113}</UniqueIdentifier>
    </Filter>
    <Filter Include="MapSystemV2\MapService">
      <UniqueIdentifier>{88c391dc-f3ad-43d0-be40-7aaa97676a34}</UniqueIdentifier>
    </Filter>
    <Filter Include="CEGUI_Layout\DebugLayout">
      <UniqueIdentifier>{4bc8c7db-46a7-49a3-b1b4-4951e209b616}</UniqueIdentifier>
    </Filter>
    <Filter Include="MapSystemV2\DebugMapGraphicsService">
      <UniqueIdentifier>{9e235bd4-d604-47c3-b10d-52c52981e7a8}</UniqueIdentifier>
    </Filter>
    <Filter Include="Tests">
      <UniqueIdentifier>{94595a60-09df-419a-bd39-7a5a2d6e7cdf}</UniqueIdentifier>
    </Filter>
    <Filter Include="MapSystemV2\NodesToMCGenerator\Naive">
      <UniqueIdentifier>{02861b0f-c396-44e0-9f09-8bcc1b5203e2}</UniqueIdentifier>
    </Filter>
    <Filter Include="Console">
      <UniqueIdentifier>{4476af0f-2652-4739-81a7-b34a7e35f7e3}</UniqueIdentifier>
    </Filter>
    <Filter Include="Console\ConsoleParser">
      <UniqueIdentifier>{521171e8-87b6-4375-84ac-170ea0368ed2}</UniqueIdentifier>
    </Filter>
    <Filter Include="CEGUI_Layout\ConsoleLayout">
      <UniqueIdentifier>{1470bc72-2984-421e-8abe-238d8d9acaf2}</UniqueIdentifier>
    </Filter>
    <Filter Include="MapSystemV2\NodesToMCGenerator\MultiLod">
      <UniqueIdentifier>{c800d5e8-64e9-4ecb-a217-b41f5f7cfea4}</UniqueIdentifier>
    </Filter>
    <Filter Include="PlayerInputController">
      <UniqueIdentifier>{de2add77-852d-42fb-aeca-c7e9e8312eb5}</UniqueIdentifier>
    </Filter>
    <Filter Include="Networking">
      <UniqueIdentifier>{f5b81a9f-3816-4101-a564-df7c28e65217}</UniqueIdentifier>
    </Filter>
    <Filter Include="Networking\NetworkClient">
      <UniqueIdentifier>{6fbd979f-8ec1-49ce-9cd8-3ba688e138c7}</UniqueIdentifier>
    </Filter>
    <Filter Include="Screens">
      <UniqueIdentifier>{b68c90b8-cea7-4d1e-82f2-70afe2323f19}</UniqueIdentifier>
    </Filter>
    <Filter Include="Screens\ScreenController">
      <UniqueIdentifier>{ee8a5d27-68fb-4484-a7e6-79c82f352ded}</UniqueIdentifier>
    </Filter>
    <Filter Include="Screens\LoginScreen">
      <UniqueIdentifier>{f13f6c79-d2dc-4581-9d8e-307d595d3dd9}</UniqueIdentifier>
    </Filter>
    <Filter Include="Networking\NetworkController">
      <UniqueIdentifier>{04d9870f-2b39-444a-815f-388986cfdd7c}</UniqueIdentifier>
    </Filter>
    <Filter Include="GameSimService">
      <UniqueIdentifier>{8b459b16-a119-4ad6-bac1-516676ea6e93}</UniqueIdentifier>
    </Filter>
    <Filter Include="Screens\MainGameScreen">
      <UniqueIdentifier>{873156d4-0310-4edc-b537-a0854bfadd68}</UniqueIdentifier>
    </Filter>
    <Filter Include="GameVisualization">
      <UniqueIdentifier>{6737b1ab-9774-4eca-9b2f-5903e11464de}</UniqueIdentifier>
    </Filter>
    <Filter Include="PlayerInputEventGenerator">
      <UniqueIdentifier>{ffda274c-e8b0-4bcc-be53-63c1aef7a59a}</UniqueIdentifier>
    </Filter>
    <Filter Include="GameClient">
      <UniqueIdentifier>{fbb4683d-ca07-48b9-9ca6-a155207aaa45}</UniqueIdentifier>
    </Filter>
    <Filter Include="GameClient\GS_Client">
      <UniqueIdentifier>{023b3951-6224-4f36-8b68-74659ce2e7b1}</UniqueIdentifier>
    </Filter>
    <Filter Include="GameClient\LandscapeSystem">
      <UniqueIdentifier>{519e301c-87e8-4e05-91e2-6177d5893194}</UniqueIdentifier>
    </Filter>
    <Filter Include="GameClient\LandscapeSystem\ClientChunkDispatcher">
      <UniqueIdentifier>{e3b59e09-871a-411f-ad5b-cfc049587b18}</UniqueIdentifier>
    </Filter>
    <Filter Include="GameClient\LandscapeSystem\NetworkProcessor">
      <UniqueIdentifier>{e0780e30-2c5f-4896-afe7-5d0a563abf09}</UniqueIdentifier>
    </Filter>
    <Filter Include="GameVisualization\LandscapeVisualization">
      <UniqueIdentifier>{2ab2cdb3-87d7-420c-99ce-b9045b123689}</UniqueIdentifier>
    </Filter>
  </ItemGroup>
  <ItemGroup>
    <Text Include="ReadMe.txt" />
  </ItemGroup>
  <ItemGroup>
    <ClInclude Include="stdafx.h">
      <Filter>PrecompiledHeader</Filter>
    </ClInclude>
    <ClInclude Include="targetver.h">
      <Filter>PrecompiledHeader</Filter>
    </ClInclude>
    <ClInclude Include="EngineController.h">
      <Filter>EngineController</Filter>
    </ClInclude>
    <ClInclude Include="OgreLogRedirection.h">
      <Filter>Ogre\OgreLogRedirector</Filter>
    </ClInclude>
    <ClInclude Include="SDL2_Service.h">
      <Filter>SDL2_Service</Filter>
    </ClInclude>
    <ClInclude Include="Ogre_Service.h">
      <Filter>Ogre\Ogre_Service</Filter>
    </ClInclude>
    <ClInclude Include="CEGUI_Service.h">
      <Filter>CEGUI_Service</Filter>
    </ClInclude>
    <ClInclude Include="FPS_Layout.h">
      <Filter>CEGUI_Layout\FPS</Filter>
    </ClInclude>
    <ClInclude Include="ChunkLoader.h">
      <Filter>MapSystemV2\ChunkLoader</Filter>
    </ClInclude>
    <ClInclude Include="NodeChunk.h">
      <Filter>MapSystemV2\NodeChunk</Filter>
    </ClInclude>
    <ClInclude Include="NodesToMC.h">
      <Filter>MapSystemV2\NodesToMC</Filter>
    </ClInclude>
    <ClInclude Include="MCToMesh.h">
      <Filter>MapSystemV2\MCToMesh</Filter>
    </ClInclude>
    <ClInclude Include="MapService.h">
      <Filter>MapSystemV2\MapService</Filter>
    </ClInclude>
    <ClInclude Include="DebugLayout.h">
      <Filter>CEGUI_Layout\DebugLayout</Filter>
    </ClInclude>
    <ClInclude Include="DebugMapGraphicsService.h">
      <Filter>MapSystemV2\DebugMapGraphicsService</Filter>
    </ClInclude>
    <ClInclude Include="NTMCG_Naive.h">
      <Filter>MapSystemV2\NodesToMCGenerator\Naive</Filter>
    </ClInclude>
    <ClInclude Include="ConsoleParser.h">
      <Filter>Console\ConsoleParser</Filter>
    </ClInclude>
    <ClInclude Include="ConsoleLayout.h">
      <Filter>CEGUI_Layout\ConsoleLayout</Filter>
    </ClInclude>
    <ClInclude Include="ConsoleParserHelper.h">
      <Filter>Console\ConsoleParser</Filter>
    </ClInclude>
    <ClInclude Include="NTMCG_TestSpeed.h">
      <Filter>Tests</Filter>
    </ClInclude>
    <ClInclude Include="NTMCG_MultiLOD.h">
      <Filter>MapSystemV2\NodesToMCGenerator\MultiLod</Filter>
    </ClInclude>
    <ClInclude Include="PlayerInputController.h">
      <Filter>PlayerInputController</Filter>
    </ClInclude>
    <ClInclude Include="NetworkClient.h">
      <Filter>Networking\NetworkClient</Filter>
    </ClInclude>
    <ClInclude Include="ScreenController.h">
      <Filter>Screens\ScreenController</Filter>
    </ClInclude>
    <ClInclude Include="LoginScreen.h">
      <Filter>Screens\LoginScreen</Filter>
    </ClInclude>
    <ClInclude Include="NetworkController.h">
      <Filter>Networking\NetworkController</Filter>
    </ClInclude>
    <ClInclude Include="GameSimService.h">
      <Filter>GameSimService</Filter>
    </ClInclude>
    <ClInclude Include="MainGameScreen.h">
      <Filter>Screens\MainGameScreen</Filter>
    </ClInclude>
    <ClInclude Include="GameVisualization.h">
      <Filter>GameVisualization</Filter>
    </ClInclude>
    <ClInclude Include="PlayerInputEventGenerator.h">
      <Filter>PlayerInputEventGenerator</Filter>
    </ClInclude>
    <ClInclude Include="LandscapeVisualization.h">
      <Filter>GameVisualization\LandscapeVisualization</Filter>
    </ClInclude>
    <ClInclude Include="LandscapeVisualizationController.h">
      <Filter>GameVisualization\LandscapeVisualization</Filter>
    </ClInclude>
    <ClInclude Include="GS_Client.h">
      <Filter>GameClient\GS_Client</Filter>
    </ClInclude>
    <ClInclude Include="ChunkLoadClientDispatcher.h">
      <Filter>GameClient\LandscapeSystem\ClientChunkDispatcher</Filter>
    </ClInclude>
    <ClInclude Include="LandscapeSystem_ClientProcessor.h">
      <Filter>GameClient\LandscapeSystem\NetworkProcessor</Filter>
    </ClInclude>
  </ItemGroup>
  <ItemGroup>
    <ClCompile Include="ShortGame1.cpp">
      <Filter>Main</Filter>
    </ClCompile>
    <ClCompile Include="stdafx.cpp">
      <Filter>PrecompiledHeader</Filter>
    </ClCompile>
    <ClCompile Include="EngineController.cpp">
      <Filter>EngineController</Filter>
    </ClCompile>
    <ClCompile Include="OgreLogRedirection.cpp">
      <Filter>Ogre\OgreLogRedirector</Filter>
    </ClCompile>
    <ClCompile Include="SDL2_Service.cpp">
      <Filter>SDL2_Service</Filter>
    </ClCompile>
    <ClCompile Include="Ogre_Service.cpp">
      <Filter>Ogre\Ogre_Service</Filter>
    </ClCompile>
    <ClCompile Include="CEGUI_Service.cpp">
      <Filter>CEGUI_Service</Filter>
    </ClCompile>
    <ClCompile Include="FPS_Layout.cpp">
      <Filter>CEGUI_Layout\FPS</Filter>
    </ClCompile>
    <ClCompile Include="NodeChunk.cpp">
      <Filter>MapSystemV2\NodeChunk</Filter>
    </ClCompile>
    <ClCompile Include="MCToMesh.cpp">
      <Filter>MapSystemV2\MCToMesh</Filter>
    </ClCompile>
    <ClCompile Include="NodesToMC.cpp">
      <Filter>MapSystemV2\NodesToMC</Filter>
    </ClCompile>
    <ClCompile Include="MapService.cpp">
      <Filter>MapSystemV2\MapService</Filter>
    </ClCompile>
    <ClCompile Include="DebugMapGraphicsService.cpp">
      <Filter>MapSystemV2\DebugMapGraphicsService</Filter>
    </ClCompile>
    <ClCompile Include="DebugLayout.cpp">
      <Filter>CEGUI_Layout\DebugLayout</Filter>
    </ClCompile>
    <ClCompile Include="NTMCG_Naive.cpp">
      <Filter>MapSystemV2\NodesToMCGenerator\Naive</Filter>
    </ClCompile>
    <ClCompile Include="ConsoleParser.cpp">
      <Filter>Console\ConsoleParser</Filter>
    </ClCompile>
    <ClCompile Include="ConsoleLayout.cpp">
      <Filter>CEGUI_Layout\ConsoleLayout</Filter>
    </ClCompile>
    <ClCompile Include="NetworkClient.cpp">
      <Filter>Networking\NetworkClient</Filter>
    </ClCompile>
    <ClCompile Include="ScreenController.cpp">
      <Filter>Screens\ScreenController</Filter>
    </ClCompile>
    <ClCompile Include="LoginScreen.cpp">
      <Filter>Screens\LoginScreen</Filter>
    </ClCompile>
    <ClCompile Include="NetworkController.cpp">
      <Filter>Networking\NetworkController</Filter>
    </ClCompile>
    <ClCompile Include="GameSimService.cpp">
      <Filter>GameSimService</Filter>
    </ClCompile>
    <ClCompile Include="MainGameScreen.cpp">
      <Filter>Screens\MainGameScreen</Filter>
    </ClCompile>
    <ClCompile Include="GameVisualization.cpp">
      <Filter>GameVisualization</Filter>
    </ClCompile>
    <ClCompile Include="PlayerInputEventGenerator.cpp">
      <Filter>PlayerInputEventGenerator</Filter>
    </ClCompile>
    <ClCompile Include="LandscapeVisualization.cpp">
      <Filter>GameVisualization\LandscapeVisualization</Filter>
    </ClCompile>
    <ClCompile Include="LandscapeVisualizationController.cpp">
      <Filter>GameVisualization\LandscapeVisualization</Filter>
    </ClCompile>
    <ClCompile Include="GS_Client.cpp">
      <Filter>GameClient\GS_Client</Filter>
    </ClCompile>
    <ClCompile Include="ChunkLoadClientDispatcher.cpp">
      <Filter>GameClient\LandscapeSystem\ClientChunkDispatcher</Filter>
    </ClCompile>
    <ClCompile Include="LandscapeSystem_ClientProcessor.cpp">
      <Filter>GameClient\LandscapeSystem\NetworkProcessor</Filter>
    </ClCompile>
  </ItemGroup>
</Project>